
Microsoft Visual Studio Solution File, Format Version 11.00
# Visual Studio 2010
Project("{FAE04EC0-301F-11D3-BF4B-00C04F79EFBC}") = "FinaProject", "Assembly-CSharp.csproj", "{42AC5B2C-B19C-9C28-C651-EA9BD0A02A87}"
EndProject
Project("{FAE04EC0-301F-11D3-BF4B-00C04F79EFBC}") = "FinaProject", "Assembly-CSharp-Editor.csproj", "{D64A82C0-40A7-521F-5954-E9BC3045DFCD}"
EndProject
Global
	GlobalSection(SolutionConfigurationPlatforms) = preSolution
		Debug|Any CPU = Debug|Any CPU
		Release|Any CPU = Release|Any CPU
	EndGlobalSection
	GlobalSection(ProjectConfigurationPlatforms) = postSolution
		{42AC5B2C-B19C-9C28-C651-EA9BD0A02A87}.Debug|Any CPU.ActiveCfg = Debug|Any CPU
		{42AC5B2C-B19C-9C28-C651-EA9BD0A02A87}.Debug|Any CPU.Build.0 = Debug|Any CPU
		{42AC5B2C-B19C-9C28-C651-EA9BD0A02A87}.Release|Any CPU.ActiveCfg = Release|Any CPU
		{42AC5B2C-B19C-9C28-C651-EA9BD0A02A87}.Release|Any CPU.Build.0 = Release|Any CPU
		{D64A82C0-40A7-521F-5954-E9BC3045DFCD}.Debug|Any CPU.ActiveCfg = Debug|Any CPU
		{D64A82C0-40A7-521F-5954-E9BC3045DFCD}.Debug|Any CPU.Build.0 = Debug|Any CPU
		{D64A82C0-40A7-521F-5954-E9BC3045DFCD}.Release|Any CPU.ActiveCfg = Release|Any CPU
		{D64A82C0-40A7-521F-5954-E9BC3045DFCD}.Release|Any CPU.Build.0 = Release|Any CPU
	EndGlobalSection
	GlobalSection(SolutionProperties) = preSolution
		HideSolutionNode = FALSE
	EndGlobalSection
	GlobalSection(MonoDevelopProperties) = preSolution
		StartupItem = Assembly-CSharp.csproj
	EndGlobalSection
EndGlobal
